// !$*UTF8*$!
{
	archiveVersion = 1;
	classes = {
	};
	objectVersion = 52;
	objects = {

/* Begin PBXBuildFile section */
		80E82B75024F12407826DED2 /* Pods_Navigation.framework in Frameworks */ = {isa = PBXBuildFile; fileRef = 87C8C108E9E3CDAE8FF0EE04 /* Pods_Navigation.framework */; };
		CE0F680629784574007B007F /* LocalizationShortcut.swift in Sources */ = {isa = PBXBuildFile; fileRef = CE0F680529784574007B007F /* LocalizationShortcut.swift */; };
		CE0F68092978471E007B007F /* Localizable.stringsdict in Resources */ = {isa = PBXBuildFile; fileRef = CE0F68082978471E007B007F /* Localizable.stringsdict */; };
		CE0F680C297847A9007B007F /* Localizable.strings in Resources */ = {isa = PBXBuildFile; fileRef = CE0F680E297847A9007B007F /* Localizable.strings */; };
		CE0F68392986CEE2007B007F /* NavigationTests.swift in Sources */ = {isa = PBXBuildFile; fileRef = CE0F68382986CEE2007B007F /* NavigationTests.swift */; };
		CE1687B12926A7230088F724 /* LikedViewController.swift in Sources */ = {isa = PBXBuildFile; fileRef = CE1687B02926A7230088F724 /* LikedViewController.swift */; };
		CE1687B42926ABD30088F724 /* Navigation.xcdatamodeld in Sources */ = {isa = PBXBuildFile; fileRef = CE1687B22926ABD20088F724 /* Navigation.xcdatamodeld */; };
		CE1687B62926AC4D0088F724 /* CoreDataManager.swift in Sources */ = {isa = PBXBuildFile; fileRef = CE1687B52926AC4D0088F724 /* CoreDataManager.swift */; };
		CE1687B9292E8F030088F724 /* NetworkManager.swift in Sources */ = {isa = PBXBuildFile; fileRef = CE1687B8292E8F030088F724 /* NetworkManager.swift */; };
		CE1687BB292E8FFD0088F724 /* NetworkError.swift in Sources */ = {isa = PBXBuildFile; fileRef = CE1687BA292E8FFD0088F724 /* NetworkError.swift */; };
		CE2D3494298C2DBC002ABB92 /* Main.storyboard in Resources */ = {isa = PBXBuildFile; fileRef = CE2D3493298C2DBC002ABB92 /* Main.storyboard */; };
		CE46997328F9C307006CCD35 /* NetworkService.swift in Sources */ = {isa = PBXBuildFile; fileRef = CE46997228F9C307006CCD35 /* NetworkService.swift */; };
		CE524CFC26FCFC6C009C182B /* PhotosTableViewCell.swift in Sources */ = {isa = PBXBuildFile; fileRef = CE524CFB26FCFC6C009C182B /* PhotosTableViewCell.swift */; };
		CE524CFF26FE47E3009C182B /* PhotoCollectionViewCell.swift in Sources */ = {isa = PBXBuildFile; fileRef = CE524CFE26FE47E3009C182B /* PhotoCollectionViewCell.swift */; };
		CE545B5228E357B90027C88A /* ModuleFactory.swift in Sources */ = {isa = PBXBuildFile; fileRef = CE545B5128E357B90027C88A /* ModuleFactory.swift */; };
		CE7D6EF42986DD6E00406CD6 /* SnapKit in Frameworks */ = {isa = PBXBuildFile; productRef = CE7D6EF32986DD6E00406CD6 /* SnapKit */; };
		CE8485C6290EEC800008CE5D /* CheckerServiceProtocol.swift in Sources */ = {isa = PBXBuildFile; fileRef = CE8485C5290EEC800008CE5D /* CheckerServiceProtocol.swift */; };
		CE8D6E0D26A3069000A25380 /* AppDelegate.swift in Sources */ = {isa = PBXBuildFile; fileRef = CE8D6E0C26A3069000A25380 /* AppDelegate.swift */; };
		CE8D6E0F26A3069000A25380 /* SceneDelegate.swift in Sources */ = {isa = PBXBuildFile; fileRef = CE8D6E0E26A3069000A25380 /* SceneDelegate.swift */; };
		CE8D6E1626A3069900A25380 /* Assets.xcassets in Resources */ = {isa = PBXBuildFile; fileRef = CE8D6E1526A3069900A25380 /* Assets.xcassets */; };
		CE8D6E1926A3069900A25380 /* LaunchScreen.storyboard in Resources */ = {isa = PBXBuildFile; fileRef = CE8D6E1726A3069900A25380 /* LaunchScreen.storyboard */; };
		CE8D6E2326A309F900A25380 /* FeedViewController.swift in Sources */ = {isa = PBXBuildFile; fileRef = CE8D6E2226A309F900A25380 /* FeedViewController.swift */; };
		CE8D6E2926A30EFD00A25380 /* JokeViewController.swift in Sources */ = {isa = PBXBuildFile; fileRef = CE8D6E2826A30EFD00A25380 /* JokeViewController.swift */; };
		CE8D6E3026A464E100A25380 /* InfoViewController.swift in Sources */ = {isa = PBXBuildFile; fileRef = CE8D6E2F26A464E100A25380 /* InfoViewController.swift */; };
		CE8D6E6026A9B12600A25380 /* ProfileHeaderView.swift in Sources */ = {isa = PBXBuildFile; fileRef = CE8D6E5F26A9B12600A25380 /* ProfileHeaderView.swift */; };
		CE8D6E6326A9B1AE00A25380 /* ProfileViewController.swift in Sources */ = {isa = PBXBuildFile; fileRef = CE8D6E6226A9B1AE00A25380 /* ProfileViewController.swift */; };
		CE974C8A28F5D5CD00E343E5 /* ChuckJokesModel.swift in Sources */ = {isa = PBXBuildFile; fileRef = CE974C8928F5D5CD00E343E5 /* ChuckJokesModel.swift */; };
		CE974C8E28F5EB1F00E343E5 /* SearchJokeViewController.swift in Sources */ = {isa = PBXBuildFile; fileRef = CE974C8D28F5EB1F00E343E5 /* SearchJokeViewController.swift */; };
		CE974C9028F5F0E000E343E5 /* JokeTableViewCell.swift in Sources */ = {isa = PBXBuildFile; fileRef = CE974C8F28F5F0E000E343E5 /* JokeTableViewCell.swift */; };
		CE9DEEF82901CF3C00BA75D6 /* NameTableViewCell.swift in Sources */ = {isa = PBXBuildFile; fileRef = CE9DEEF72901CF3C00BA75D6 /* NameTableViewCell.swift */; };
		CEBE015B27496A74009CFB06 /* iOSIntPackage in Frameworks */ = {isa = PBXBuildFile; productRef = CEBE015A27496A74009CFB06 /* iOSIntPackage */; };
		CECEF9CF28E0BE0E00F87248 /* ProfileModel.swift in Sources */ = {isa = PBXBuildFile; fileRef = CECEF9CE28E0BE0E00F87248 /* ProfileModel.swift */; };
		CECEF9D128E0BE4300F87248 /* CoordinatorProtocol.swift in Sources */ = {isa = PBXBuildFile; fileRef = CECEF9D028E0BE4300F87248 /* CoordinatorProtocol.swift */; };
		CECEF9D528E0BE7A00F87248 /* AppCoordinator.swift in Sources */ = {isa = PBXBuildFile; fileRef = CECEF9D428E0BE7A00F87248 /* AppCoordinator.swift */; };
		CECEF9DA28E0C06D00F87248 /* CustomUIExtentions.swift in Sources */ = {isa = PBXBuildFile; fileRef = CECEF9D928E0C06D00F87248 /* CustomUIExtentions.swift */; };
		CECEF9E028E0C07D00F87248 /* Checker.swift in Sources */ = {isa = PBXBuildFile; fileRef = CECEF9DC28E0C07D00F87248 /* Checker.swift */; };
		CECEF9E228E0C07D00F87248 /* LoginInspector.swift in Sources */ = {isa = PBXBuildFile; fileRef = CECEF9DE28E0C07D00F87248 /* LoginInspector.swift */; };
		CECEF9E328E0C07D00F87248 /* LoginViewController.swift in Sources */ = {isa = PBXBuildFile; fileRef = CECEF9DF28E0C07D00F87248 /* LoginViewController.swift */; };
		CECEF9E728E0C08900F87248 /* GalleryCollectionViewCell.swift in Sources */ = {isa = PBXBuildFile; fileRef = CECEF9E528E0C08900F87248 /* GalleryCollectionViewCell.swift */; };
		CECEF9E828E0C08900F87248 /* GalleryViewController.swift in Sources */ = {isa = PBXBuildFile; fileRef = CECEF9E628E0C08900F87248 /* GalleryViewController.swift */; };
		CECEF9EA28E0C23600F87248 /* LoginModel.swift in Sources */ = {isa = PBXBuildFile; fileRef = CECEF9E928E0C23600F87248 /* LoginModel.swift */; };
		CED2D0BD26E532F600ED0387 /* PostTableViewCell.swift in Sources */ = {isa = PBXBuildFile; fileRef = CED2D0BC26E532F600ED0387 /* PostTableViewCell.swift */; };
		CED2D0C426E9212700ED0387 /* ProfileTableHeaderView.swift in Sources */ = {isa = PBXBuildFile; fileRef = CED2D0C326E9212700ED0387 /* ProfileTableHeaderView.swift */; };
		CED48DEA2909AE43004A563C /* SignUpViewController.swift in Sources */ = {isa = PBXBuildFile; fileRef = CED48DE92909AE43004A563C /* SignUpViewController.swift */; };
		CED5A04927F7704500F3CD26 /* FeedModel.swift in Sources */ = {isa = PBXBuildFile; fileRef = CED5A04827F7704500F3CD26 /* FeedModel.swift */; };
/* End PBXBuildFile section */

/* Begin PBXContainerItemProxy section */
		CE0F683A2986CEE2007B007F /* PBXContainerItemProxy */ = {
			isa = PBXContainerItemProxy;
			containerPortal = CE8D6E0126A3069000A25380 /* Project object */;
			proxyType = 1;
			remoteGlobalIDString = CE8D6E0826A3069000A25380;
			remoteInfo = Navigation;
		};
/* End PBXContainerItemProxy section */

/* Begin PBXFileReference section */
		6900C6EB2B998FCB30BAA729 /* Pods-Navigation.release.xcconfig */ = {isa = PBXFileReference; includeInIndex = 1; lastKnownFileType = text.xcconfig; name = "Pods-Navigation.release.xcconfig"; path = "Target Support Files/Pods-Navigation/Pods-Navigation.release.xcconfig"; sourceTree = "<group>"; };
		87C8C108E9E3CDAE8FF0EE04 /* Pods_Navigation.framework */ = {isa = PBXFileReference; explicitFileType = wrapper.framework; includeInIndex = 0; path = Pods_Navigation.framework; sourceTree = BUILT_PRODUCTS_DIR; };
		CB30E68A9929814EB6AC6766 /* Pods-Navigation.debug.xcconfig */ = {isa = PBXFileReference; includeInIndex = 1; lastKnownFileType = text.xcconfig; name = "Pods-Navigation.debug.xcconfig"; path = "Target Support Files/Pods-Navigation/Pods-Navigation.debug.xcconfig"; sourceTree = "<group>"; };
		CE0F680529784574007B007F /* LocalizationShortcut.swift */ = {isa = PBXFileReference; lastKnownFileType = sourcecode.swift; path = LocalizationShortcut.swift; sourceTree = "<group>"; };
		CE0F6807297846F9007B007F /* ru */ = {isa = PBXFileReference; lastKnownFileType = text.plist.strings; name = ru; path = ru.lproj/LaunchScreen.strings; sourceTree = "<group>"; };
		CE0F68082978471E007B007F /* Localizable.stringsdict */ = {isa = PBXFileReference; lastKnownFileType = text.plist.stringsdict; path = Localizable.stringsdict; sourceTree = "<group>"; };
		CE0F680D297847A9007B007F /* en */ = {isa = PBXFileReference; lastKnownFileType = text.plist.strings; name = en; path = en.lproj/Localizable.strings; sourceTree = "<group>"; };
		CE0F680F297847AC007B007F /* ru */ = {isa = PBXFileReference; lastKnownFileType = text.plist.strings; name = ru; path = ru.lproj/Localizable.strings; sourceTree = "<group>"; };
		CE0F68362986CEE2007B007F /* NavigationTests.xctest */ = {isa = PBXFileReference; explicitFileType = wrapper.cfbundle; includeInIndex = 0; path = NavigationTests.xctest; sourceTree = BUILT_PRODUCTS_DIR; };
		CE0F68382986CEE2007B007F /* NavigationTests.swift */ = {isa = PBXFileReference; lastKnownFileType = sourcecode.swift; path = NavigationTests.swift; sourceTree = "<group>"; };
		CE0F68432986DC37007B007F /* SnapKit.framework */ = {isa = PBXFileReference; explicitFileType = wrapper.framework; path = SnapKit.framework; sourceTree = BUILT_PRODUCTS_DIR; };
		CE1687B02926A7230088F724 /* LikedViewController.swift */ = {isa = PBXFileReference; lastKnownFileType = sourcecode.swift; path = LikedViewController.swift; sourceTree = "<group>"; };
		CE1687B32926ABD30088F724 /* Navigation.xcdatamodel */ = {isa = PBXFileReference; lastKnownFileType = wrapper.xcdatamodel; path = Navigation.xcdatamodel; sourceTree = "<group>"; };
		CE1687B52926AC4D0088F724 /* CoreDataManager.swift */ = {isa = PBXFileReference; lastKnownFileType = sourcecode.swift; path = CoreDataManager.swift; sourceTree = "<group>"; };
		CE1687B8292E8F030088F724 /* NetworkManager.swift */ = {isa = PBXFileReference; lastKnownFileType = sourcecode.swift; path = NetworkManager.swift; sourceTree = "<group>"; };
		CE1687BA292E8FFD0088F724 /* NetworkError.swift */ = {isa = PBXFileReference; lastKnownFileType = sourcecode.swift; path = NetworkError.swift; sourceTree = "<group>"; };
		CE2D3493298C2DBC002ABB92 /* Main.storyboard */ = {isa = PBXFileReference; lastKnownFileType = file.storyboard; path = Main.storyboard; sourceTree = "<group>"; };
		CE46997228F9C307006CCD35 /* NetworkService.swift */ = {isa = PBXFileReference; lastKnownFileType = sourcecode.swift; path = NetworkService.swift; sourceTree = "<group>"; };
		CE524CFB26FCFC6C009C182B /* PhotosTableViewCell.swift */ = {isa = PBXFileReference; lastKnownFileType = sourcecode.swift; path = PhotosTableViewCell.swift; sourceTree = "<group>"; };
		CE524CFE26FE47E3009C182B /* PhotoCollectionViewCell.swift */ = {isa = PBXFileReference; lastKnownFileType = sourcecode.swift; path = PhotoCollectionViewCell.swift; sourceTree = "<group>"; };
		CE545B5128E357B90027C88A /* ModuleFactory.swift */ = {isa = PBXFileReference; lastKnownFileType = sourcecode.swift; path = ModuleFactory.swift; sourceTree = "<group>"; };
		CE8485C5290EEC800008CE5D /* CheckerServiceProtocol.swift */ = {isa = PBXFileReference; lastKnownFileType = sourcecode.swift; path = CheckerServiceProtocol.swift; sourceTree = "<group>"; };
		CE8D6E0926A3069000A25380 /* Navigation.app */ = {isa = PBXFileReference; explicitFileType = wrapper.application; includeInIndex = 0; path = Navigation.app; sourceTree = BUILT_PRODUCTS_DIR; };
		CE8D6E0C26A3069000A25380 /* AppDelegate.swift */ = {isa = PBXFileReference; lastKnownFileType = sourcecode.swift; path = AppDelegate.swift; sourceTree = "<group>"; };
		CE8D6E0E26A3069000A25380 /* SceneDelegate.swift */ = {isa = PBXFileReference; lastKnownFileType = sourcecode.swift; path = SceneDelegate.swift; sourceTree = "<group>"; };
		CE8D6E1526A3069900A25380 /* Assets.xcassets */ = {isa = PBXFileReference; lastKnownFileType = folder.assetcatalog; path = Assets.xcassets; sourceTree = "<group>"; };
		CE8D6E1826A3069900A25380 /* Base */ = {isa = PBXFileReference; lastKnownFileType = file.storyboard; name = Base; path = Base.lproj/LaunchScreen.storyboard; sourceTree = "<group>"; };
		CE8D6E1A26A3069900A25380 /* Info.plist */ = {isa = PBXFileReference; lastKnownFileType = text.plist.xml; path = Info.plist; sourceTree = "<group>"; };
		CE8D6E2226A309F900A25380 /* FeedViewController.swift */ = {isa = PBXFileReference; lastKnownFileType = sourcecode.swift; path = FeedViewController.swift; sourceTree = "<group>"; };
		CE8D6E2826A30EFD00A25380 /* JokeViewController.swift */ = {isa = PBXFileReference; lastKnownFileType = sourcecode.swift; path = JokeViewController.swift; sourceTree = "<group>"; };
		CE8D6E2F26A464E100A25380 /* InfoViewController.swift */ = {isa = PBXFileReference; lastKnownFileType = sourcecode.swift; path = InfoViewController.swift; sourceTree = "<group>"; };
		CE8D6E5F26A9B12600A25380 /* ProfileHeaderView.swift */ = {isa = PBXFileReference; lastKnownFileType = sourcecode.swift; path = ProfileHeaderView.swift; sourceTree = "<group>"; };
		CE8D6E6226A9B1AE00A25380 /* ProfileViewController.swift */ = {isa = PBXFileReference; lastKnownFileType = sourcecode.swift; path = ProfileViewController.swift; sourceTree = "<group>"; };
		CE974C8928F5D5CD00E343E5 /* ChuckJokesModel.swift */ = {isa = PBXFileReference; lastKnownFileType = sourcecode.swift; path = ChuckJokesModel.swift; sourceTree = "<group>"; };
		CE974C8D28F5EB1F00E343E5 /* SearchJokeViewController.swift */ = {isa = PBXFileReference; lastKnownFileType = sourcecode.swift; path = SearchJokeViewController.swift; sourceTree = "<group>"; };
		CE974C8F28F5F0E000E343E5 /* JokeTableViewCell.swift */ = {isa = PBXFileReference; lastKnownFileType = sourcecode.swift; path = JokeTableViewCell.swift; sourceTree = "<group>"; };
		CE9DEEF72901CF3C00BA75D6 /* NameTableViewCell.swift */ = {isa = PBXFileReference; lastKnownFileType = sourcecode.swift; path = NameTableViewCell.swift; sourceTree = "<group>"; };
		CECEF9CE28E0BE0E00F87248 /* ProfileModel.swift */ = {isa = PBXFileReference; fileEncoding = 4; lastKnownFileType = sourcecode.swift; path = ProfileModel.swift; sourceTree = "<group>"; };
		CECEF9D028E0BE4300F87248 /* CoordinatorProtocol.swift */ = {isa = PBXFileReference; fileEncoding = 4; lastKnownFileType = sourcecode.swift; path = CoordinatorProtocol.swift; sourceTree = "<group>"; };
		CECEF9D428E0BE7A00F87248 /* AppCoordinator.swift */ = {isa = PBXFileReference; fileEncoding = 4; lastKnownFileType = sourcecode.swift; path = AppCoordinator.swift; sourceTree = "<group>"; };
		CECEF9D928E0C06D00F87248 /* CustomUIExtentions.swift */ = {isa = PBXFileReference; fileEncoding = 4; lastKnownFileType = sourcecode.swift; path = CustomUIExtentions.swift; sourceTree = "<group>"; };
		CECEF9DC28E0C07D00F87248 /* Checker.swift */ = {isa = PBXFileReference; fileEncoding = 4; lastKnownFileType = sourcecode.swift; path = Checker.swift; sourceTree = "<group>"; };
		CECEF9DE28E0C07D00F87248 /* LoginInspector.swift */ = {isa = PBXFileReference; fileEncoding = 4; lastKnownFileType = sourcecode.swift; path = LoginInspector.swift; sourceTree = "<group>"; };
		CECEF9DF28E0C07D00F87248 /* LoginViewController.swift */ = {isa = PBXFileReference; fileEncoding = 4; lastKnownFileType = sourcecode.swift; path = LoginViewController.swift; sourceTree = "<group>"; };
		CECEF9E528E0C08900F87248 /* GalleryCollectionViewCell.swift */ = {isa = PBXFileReference; fileEncoding = 4; lastKnownFileType = sourcecode.swift; path = GalleryCollectionViewCell.swift; sourceTree = "<group>"; };
		CECEF9E628E0C08900F87248 /* GalleryViewController.swift */ = {isa = PBXFileReference; fileEncoding = 4; lastKnownFileType = sourcecode.swift; path = GalleryViewController.swift; sourceTree = "<group>"; };
		CECEF9E928E0C23600F87248 /* LoginModel.swift */ = {isa = PBXFileReference; lastKnownFileType = sourcecode.swift; path = LoginModel.swift; sourceTree = "<group>"; };
		CED2D0BC26E532F600ED0387 /* PostTableViewCell.swift */ = {isa = PBXFileReference; lastKnownFileType = sourcecode.swift; path = PostTableViewCell.swift; sourceTree = "<group>"; };
		CED2D0C326E9212700ED0387 /* ProfileTableHeaderView.swift */ = {isa = PBXFileReference; lastKnownFileType = sourcecode.swift; path = ProfileTableHeaderView.swift; sourceTree = "<group>"; };
		CED48DE92909AE43004A563C /* SignUpViewController.swift */ = {isa = PBXFileReference; lastKnownFileType = sourcecode.swift; path = SignUpViewController.swift; sourceTree = "<group>"; };
		CED5A04827F7704500F3CD26 /* FeedModel.swift */ = {isa = PBXFileReference; lastKnownFileType = sourcecode.swift; path = FeedModel.swift; sourceTree = "<group>"; };
/* End PBXFileReference section */

/* Begin PBXFrameworksBuildPhase section */
		CE0F68332986CEE2007B007F /* Frameworks */ = {
			isa = PBXFrameworksBuildPhase;
			buildActionMask = 2147483647;
			files = (
			);
			runOnlyForDeploymentPostprocessing = 0;
		};
		CE8D6E0626A3069000A25380 /* Frameworks */ = {
			isa = PBXFrameworksBuildPhase;
			buildActionMask = 2147483647;
			files = (
				CE7D6EF42986DD6E00406CD6 /* SnapKit in Frameworks */,
				80E82B75024F12407826DED2 /* Pods_Navigation.framework in Frameworks */,
				CEBE015B27496A74009CFB06 /* iOSIntPackage in Frameworks */,
			);
			runOnlyForDeploymentPostprocessing = 0;
		};
/* End PBXFrameworksBuildPhase section */

/* Begin PBXGroup section */
		18FC24450984849CD8C6AE26 /* Pods */ = {
			isa = PBXGroup;
			children = (
				CB30E68A9929814EB6AC6766 /* Pods-Navigation.debug.xcconfig */,
				6900C6EB2B998FCB30BAA729 /* Pods-Navigation.release.xcconfig */,
			);
			path = Pods;
			sourceTree = "<group>";
		};
		C2C8A1266C2266EF63C7DE98 /* Frameworks */ = {
			isa = PBXGroup;
			children = (
				CE0F68432986DC37007B007F /* SnapKit.framework */,
				87C8C108E9E3CDAE8FF0EE04 /* Pods_Navigation.framework */,
			);
			name = Frameworks;
			sourceTree = "<group>";
		};
		CE0F68372986CEE2007B007F /* NavigationTests */ = {
			isa = PBXGroup;
			children = (
				CE0F68382986CEE2007B007F /* NavigationTests.swift */,
			);
			path = NavigationTests;
			sourceTree = "<group>";
		};
		CE1687B7292E8EEE0088F724 /* Network */ = {
			isa = PBXGroup;
			children = (
				CE1687B8292E8F030088F724 /* NetworkManager.swift */,
				CE1687BA292E8FFD0088F724 /* NetworkError.swift */,
				CE46997228F9C307006CCD35 /* NetworkService.swift */,
			);
			path = Network;
			sourceTree = "<group>";
		};
		CE1687BC292E92680088F724 /* Models */ = {
			isa = PBXGroup;
			children = (
				CECEF9E928E0C23600F87248 /* LoginModel.swift */,
				CECEF9CE28E0BE0E00F87248 /* ProfileModel.swift */,
				CE974C8928F5D5CD00E343E5 /* ChuckJokesModel.swift */,
				CED5A04827F7704500F3CD26 /* FeedModel.swift */,
			);
			path = Models;
			sourceTree = "<group>";
		};
		CE1687BD292E929A0088F724 /* CoreData */ = {
			isa = PBXGroup;
			children = (
				CE1687B52926AC4D0088F724 /* CoreDataManager.swift */,
				CE1687B22926ABD20088F724 /* Navigation.xcdatamodeld */,
			);
			path = CoreData;
			sourceTree = "<group>";
		};
		CE1687BE292E92C50088F724 /* Feed */ = {
			isa = PBXGroup;
			children = (
				CE8D6E2226A309F900A25380 /* FeedViewController.swift */,
				CE8D6E2826A30EFD00A25380 /* JokeViewController.swift */,
				CE974C8D28F5EB1F00E343E5 /* SearchJokeViewController.swift */,
				CE974C8F28F5F0E000E343E5 /* JokeTableViewCell.swift */,
			);
			path = Feed;
			sourceTree = "<group>";
		};
		CE1687BF292E92CD0088F724 /* Profile */ = {
			isa = PBXGroup;
			children = (
				CE8D6E6226A9B1AE00A25380 /* ProfileViewController.swift */,
				CE1687C4292E940C0088F724 /* Header */,
				CE1687C3292E93DA0088F724 /* Cells */,
				CE1687C5292E94270088F724 /* Gallery */,
			);
			path = Profile;
			sourceTree = "<group>";
		};
		CE1687C0292E93180088F724 /* LikedPosts */ = {
			isa = PBXGroup;
			children = (
				CE1687B02926A7230088F724 /* LikedViewController.swift */,
			);
			path = LikedPosts;
			sourceTree = "<group>";
		};
		CE1687C1292E933F0088F724 /* Login */ = {
			isa = PBXGroup;
			children = (
				CED48DE92909AE43004A563C /* SignUpViewController.swift */,
				CECEF9DF28E0C07D00F87248 /* LoginViewController.swift */,
			);
			path = Login;
			sourceTree = "<group>";
		};
		CE1687C2292E93730088F724 /* Resourses */ = {
			isa = PBXGroup;
			children = (
				CE8D6E1726A3069900A25380 /* LaunchScreen.storyboard */,
				CE8D6E1526A3069900A25380 /* Assets.xcassets */,
				CE0F68082978471E007B007F /* Localizable.stringsdict */,
				CE0F680E297847A9007B007F /* Localizable.strings */,
			);
			path = Resourses;
			sourceTree = "<group>";
		};
		CE1687C3292E93DA0088F724 /* Cells */ = {
			isa = PBXGroup;
			children = (
				CE524CFB26FCFC6C009C182B /* PhotosTableViewCell.swift */,
				CE524CFE26FE47E3009C182B /* PhotoCollectionViewCell.swift */,
				CED2D0BC26E532F600ED0387 /* PostTableViewCell.swift */,
				CECEF9E528E0C08900F87248 /* GalleryCollectionViewCell.swift */,
			);
			path = Cells;
			sourceTree = "<group>";
		};
		CE1687C4292E940C0088F724 /* Header */ = {
			isa = PBXGroup;
			children = (
				CE8D6E5F26A9B12600A25380 /* ProfileHeaderView.swift */,
				CED2D0C326E9212700ED0387 /* ProfileTableHeaderView.swift */,
			);
			path = Header;
			sourceTree = "<group>";
		};
		CE1687C5292E94270088F724 /* Gallery */ = {
			isa = PBXGroup;
			children = (
				CECEF9E628E0C08900F87248 /* GalleryViewController.swift */,
			);
			path = Gallery;
			sourceTree = "<group>";
		};
		CE545B4C28E3564C0027C88A /* Coordinating */ = {
			isa = PBXGroup;
			children = (
				CECEF9D428E0BE7A00F87248 /* AppCoordinator.swift */,
				CE545B5128E357B90027C88A /* ModuleFactory.swift */,
			);
			path = Coordinating;
			sourceTree = "<group>";
		};
		CE545B4D28E356640027C88A /* Protocols */ = {
			isa = PBXGroup;
			children = (
				CECEF9D028E0BE4300F87248 /* CoordinatorProtocol.swift */,
				CE8485C5290EEC800008CE5D /* CheckerServiceProtocol.swift */,
			);
			path = Protocols;
			sourceTree = "<group>";
		};
		CE545B4E28E356830027C88A /* View */ = {
			isa = PBXGroup;
			children = (
				CE1687C1292E933F0088F724 /* Login */,
				CE1687C0292E93180088F724 /* LikedPosts */,
				CE1687BF292E92CD0088F724 /* Profile */,
				CE1687BE292E92C50088F724 /* Feed */,
				CE8D6E2F26A464E100A25380 /* InfoViewController.swift */,
				CE9DEEF72901CF3C00BA75D6 /* NameTableViewCell.swift */,
			);
			path = View;
			sourceTree = "<group>";
		};
		CE545B4F28E356A00027C88A /* ViewModel */ = {
			isa = PBXGroup;
			children = (
				CECEF9DE28E0C07D00F87248 /* LoginInspector.swift */,
				CECEF9DC28E0C07D00F87248 /* Checker.swift */,
			);
			path = ViewModel;
			sourceTree = "<group>";
		};
		CE8D6E0026A3069000A25380 = {
			isa = PBXGroup;
			children = (
				CE8D6E0B26A3069000A25380 /* Navigation */,
				CE0F68372986CEE2007B007F /* NavigationTests */,
				CE8D6E0A26A3069000A25380 /* Products */,
				C2C8A1266C2266EF63C7DE98 /* Frameworks */,
				18FC24450984849CD8C6AE26 /* Pods */,
			);
			sourceTree = "<group>";
			usesTabs = 0;
		};
		CE8D6E0A26A3069000A25380 /* Products */ = {
			isa = PBXGroup;
			children = (
				CE8D6E0926A3069000A25380 /* Navigation.app */,
				CE0F68362986CEE2007B007F /* NavigationTests.xctest */,
			);
			name = Products;
			sourceTree = "<group>";
		};
		CE8D6E0B26A3069000A25380 /* Navigation */ = {
			isa = PBXGroup;
			children = (
				CE8D6E1A26A3069900A25380 /* Info.plist */,
				CE8D6E0C26A3069000A25380 /* AppDelegate.swift */,
				CE8D6E0E26A3069000A25380 /* SceneDelegate.swift */,
				CE1687BD292E929A0088F724 /* CoreData */,
				CE1687BC292E92680088F724 /* Models */,
				CE545B4D28E356640027C88A /* Protocols */,
				CE1687B7292E8EEE0088F724 /* Network */,
				CE545B4F28E356A00027C88A /* ViewModel */,
				CE545B4E28E356830027C88A /* View */,
				CE545B4C28E3564C0027C88A /* Coordinating */,
				CECEF9D828E0C06D00F87248 /* CustomUI */,
				CE1687C2292E93730088F724 /* Resourses */,
				CE2D3493298C2DBC002ABB92 /* Main.storyboard */,
			);
			path = Navigation;
			sourceTree = "<group>";
		};
		CECEF9D828E0C06D00F87248 /* CustomUI */ = {
			isa = PBXGroup;
			children = (
				CECEF9D928E0C06D00F87248 /* CustomUIExtentions.swift */,
				CE0F680529784574007B007F /* LocalizationShortcut.swift */,
			);
			path = CustomUI;
			sourceTree = "<group>";
		};
/* End PBXGroup section */

/* Begin PBXNativeTarget section */
		CE0F68352986CEE2007B007F /* NavigationTests */ = {
			isa = PBXNativeTarget;
			buildConfigurationList = CE0F683C2986CEE2007B007F /* Build configuration list for PBXNativeTarget "NavigationTests" */;
			buildPhases = (
				CE0F68322986CEE2007B007F /* Sources */,
				CE0F68332986CEE2007B007F /* Frameworks */,
				CE0F68342986CEE2007B007F /* Resources */,
			);
			buildRules = (
			);
			dependencies = (
				CE0F683B2986CEE2007B007F /* PBXTargetDependency */,
			);
			name = NavigationTests;
			packageProductDependencies = (
			);
			productName = NavigationTests;
			productReference = CE0F68362986CEE2007B007F /* NavigationTests.xctest */;
			productType = "com.apple.product-type.bundle.unit-test";
		};
		CE8D6E0826A3069000A25380 /* Navigation */ = {
			isa = PBXNativeTarget;
			buildConfigurationList = CE8D6E1D26A3069900A25380 /* Build configuration list for PBXNativeTarget "Navigation" */;
			buildPhases = (
				5C241AF18E100D0BC4AABC7E /* [CP] Check Pods Manifest.lock */,
				CE8074E5282AD1A7007424AD /* ShellScript */,
				CE8D6E0526A3069000A25380 /* Sources */,
				CE8D6E0626A3069000A25380 /* Frameworks */,
				CE8D6E0726A3069000A25380 /* Resources */,
				87213DE73302ABC28E0DED72 /* [CP] Embed Pods Frameworks */,
			);
			buildRules = (
			);
			dependencies = (
			);
			name = Navigation;
			packageProductDependencies = (
				CEBE015A27496A74009CFB06 /* iOSIntPackage */,
				CE7D6EF32986DD6E00406CD6 /* SnapKit */,
			);
			productName = Navigation;
			productReference = CE8D6E0926A3069000A25380 /* Navigation.app */;
			productType = "com.apple.product-type.application";
		};
/* End PBXNativeTarget section */

/* Begin PBXProject section */
		CE8D6E0126A3069000A25380 /* Project object */ = {
			isa = PBXProject;
			attributes = {
				LastSwiftUpdateCheck = 1400;
				LastUpgradeCheck = 1240;
				TargetAttributes = {
					CE0F68352986CEE2007B007F = {
						CreatedOnToolsVersion = 14.0.1;
						TestTargetID = CE8D6E0826A3069000A25380;
					};
					CE8D6E0826A3069000A25380 = {
						CreatedOnToolsVersion = 12.4;
					};
				};
			};
			buildConfigurationList = CE8D6E0426A3069000A25380 /* Build configuration list for PBXProject "Navigation" */;
			compatibilityVersion = "Xcode 9.3";
			developmentRegion = en;
			hasScannedForEncodings = 0;
			knownRegions = (
				en,
				Base,
				ru,
			);
			mainGroup = CE8D6E0026A3069000A25380;
			packageReferences = (
				CEBE015927496A74009CFB06 /* XCRemoteSwiftPackageReference "iOSIntPackage" */,
				CE7D6EF22986DD6E00406CD6 /* XCRemoteSwiftPackageReference "SnapKit" */,
			);
			productRefGroup = CE8D6E0A26A3069000A25380 /* Products */;
			projectDirPath = "";
			projectRoot = "";
			targets = (
				CE8D6E0826A3069000A25380 /* Navigation */,
				CE0F68352986CEE2007B007F /* NavigationTests */,
			);
		};
/* End PBXProject section */

/* Begin PBXResourcesBuildPhase section */
		CE0F68342986CEE2007B007F /* Resources */ = {
			isa = PBXResourcesBuildPhase;
			buildActionMask = 2147483647;
			files = (
			);
			runOnlyForDeploymentPostprocessing = 0;
		};
		CE8D6E0726A3069000A25380 /* Resources */ = {
			isa = PBXResourcesBuildPhase;
			buildActionMask = 2147483647;
			files = (
				CE0F680C297847A9007B007F /* Localizable.strings in Resources */,
				CE2D3494298C2DBC002ABB92 /* Main.storyboard in Resources */,
				CE8D6E1926A3069900A25380 /* LaunchScreen.storyboard in Resources */,
				CE0F68092978471E007B007F /* Localizable.stringsdict in Resources */,
				CE8D6E1626A3069900A25380 /* Assets.xcassets in Resources */,
			);
			runOnlyForDeploymentPostprocessing = 0;
		};
/* End PBXResourcesBuildPhase section */

/* Begin PBXShellScriptBuildPhase section */
		5C241AF18E100D0BC4AABC7E /* [CP] Check Pods Manifest.lock */ = {
			isa = PBXShellScriptBuildPhase;
			buildActionMask = 2147483647;
			files = (
			);
			inputFileListPaths = (
			);
			inputPaths = (
				"${PODS_PODFILE_DIR_PATH}/Podfile.lock",
				"${PODS_ROOT}/Manifest.lock",
			);
			name = "[CP] Check Pods Manifest.lock";
			outputFileListPaths = (
			);
			outputPaths = (
				"$(DERIVED_FILE_DIR)/Pods-Navigation-checkManifestLockResult.txt",
			);
			runOnlyForDeploymentPostprocessing = 0;
			shellPath = /bin/sh;
			shellScript = "diff \"${PODS_PODFILE_DIR_PATH}/Podfile.lock\" \"${PODS_ROOT}/Manifest.lock\" > /dev/null\nif [ $? != 0 ] ; then\n    # print error to STDERR\n    echo \"error: The sandbox is not in sync with the Podfile.lock. Run 'pod install' or update your CocoaPods installation.\" >&2\n    exit 1\nfi\n# This output is used by Xcode 'outputs' to avoid re-running this script phase.\necho \"SUCCESS\" > \"${SCRIPT_OUTPUT_FILE_0}\"\n";
			showEnvVarsInLog = 0;
		};
		87213DE73302ABC28E0DED72 /* [CP] Embed Pods Frameworks */ = {
			isa = PBXShellScriptBuildPhase;
			buildActionMask = 2147483647;
			files = (
			);
			inputFileListPaths = (
				"${PODS_ROOT}/Target Support Files/Pods-Navigation/Pods-Navigation-frameworks-${CONFIGURATION}-input-files.xcfilelist",
			);
			name = "[CP] Embed Pods Frameworks";
			outputFileListPaths = (
				"${PODS_ROOT}/Target Support Files/Pods-Navigation/Pods-Navigation-frameworks-${CONFIGURATION}-output-files.xcfilelist",
			);
			runOnlyForDeploymentPostprocessing = 0;
			shellPath = /bin/sh;
			shellScript = "\"${PODS_ROOT}/Target Support Files/Pods-Navigation/Pods-Navigation-frameworks.sh\"\n";
			showEnvVarsInLog = 0;
		};
		CE8074E5282AD1A7007424AD /* ShellScript */ = {
			isa = PBXShellScriptBuildPhase;
			buildActionMask = 2147483647;
			files = (
			);
			inputFileListPaths = (
			);
			inputPaths = (
			);
			outputFileListPaths = (
			);
			outputPaths = (
			);
			runOnlyForDeploymentPostprocessing = 0;
			shellPath = /bin/sh;
			shellScript = "
";
		};
/* End PBXShellScriptBuildPhase section */

/* Begin PBXSourcesBuildPhase section */
		CE0F68322986CEE2007B007F /* Sources */ = {
			isa = PBXSourcesBuildPhase;
			buildActionMask = 2147483647;
			files = (
				CE0F68392986CEE2007B007F /* NavigationTests.swift in Sources */,
			);
			runOnlyForDeploymentPostprocessing = 0;
		};
		CE8D6E0526A3069000A25380 /* Sources */ = {
			isa = PBXSourcesBuildPhase;
			buildActionMask = 2147483647;
			files = (
				CECEF9D128E0BE4300F87248 /* CoordinatorProtocol.swift in Sources */,
				CECEF9EA28E0C23600F87248 /* LoginModel.swift in Sources */,
				CED2D0BD26E532F600ED0387 /* PostTableViewCell.swift in Sources */,
				CECEF9E028E0C07D00F87248 /* Checker.swift in Sources */,
				CE8D6E2926A30EFD00A25380 /* JokeViewController.swift in Sources */,
				CE974C8E28F5EB1F00E343E5 /* SearchJokeViewController.swift in Sources */,
				CE974C9028F5F0E000E343E5 /* JokeTableViewCell.swift in Sources */,
				CED5A04927F7704500F3CD26 /* FeedModel.swift in Sources */,
				CE8D6E0D26A3069000A25380 /* AppDelegate.swift in Sources */,
				CECEF9DA28E0C06D00F87248 /* CustomUIExtentions.swift in Sources */,
				CE1687B9292E8F030088F724 /* NetworkManager.swift in Sources */,
				CE8D6E3026A464E100A25380 /* InfoViewController.swift in Sources */,
				CECEF9E728E0C08900F87248 /* GalleryCollectionViewCell.swift in Sources */,
				CE974C8A28F5D5CD00E343E5 /* ChuckJokesModel.swift in Sources */,
				CE0F680629784574007B007F /* LocalizationShortcut.swift in Sources */,
				CE8D6E2326A309F900A25380 /* FeedViewController.swift in Sources */,
				CE8485C6290EEC800008CE5D /* CheckerServiceProtocol.swift in Sources */,
				CECEF9E328E0C07D00F87248 /* LoginViewController.swift in Sources */,
				CECEF9E828E0C08900F87248 /* GalleryViewController.swift in Sources */,
				CECEF9CF28E0BE0E00F87248 /* ProfileModel.swift in Sources */,
				CED2D0C426E9212700ED0387 /* ProfileTableHeaderView.swift in Sources */,
				CE9DEEF82901CF3C00BA75D6 /* NameTableViewCell.swift in Sources */,
				CECEF9E228E0C07D00F87248 /* LoginInspector.swift in Sources */,
				CE1687B62926AC4D0088F724 /* CoreDataManager.swift in Sources */,
				CE545B5228E357B90027C88A /* ModuleFactory.swift in Sources */,
				CE524CFC26FCFC6C009C182B /* PhotosTableViewCell.swift in Sources */,
				CE1687B12926A7230088F724 /* LikedViewController.swift in Sources */,
				CED48DEA2909AE43004A563C /* SignUpViewController.swift in Sources */,
				CECEF9D528E0BE7A00F87248 /* AppCoordinator.swift in Sources */,
				CE8D6E6326A9B1AE00A25380 /* ProfileViewController.swift in Sources */,
				CE1687BB292E8FFD0088F724 /* NetworkError.swift in Sources */,
				CE524CFF26FE47E3009C182B /* PhotoCollectionViewCell.swift in Sources */,
				CE46997328F9C307006CCD35 /* NetworkService.swift in Sources */,
				CE8D6E0F26A3069000A25380 /* SceneDelegate.swift in Sources */,
				CE8D6E6026A9B12600A25380 /* ProfileHeaderView.swift in Sources */,
				CE1687B42926ABD30088F724 /* Navigation.xcdatamodeld in Sources */,
			);
			runOnlyForDeploymentPostprocessing = 0;
		};
/* End PBXSourcesBuildPhase section */

/* Begin PBXTargetDependency section */
		CE0F683B2986CEE2007B007F /* PBXTargetDependency */ = {
			isa = PBXTargetDependency;
			target = CE8D6E0826A3069000A25380 /* Navigation */;
			targetProxy = CE0F683A2986CEE2007B007F /* PBXContainerItemProxy */;
		};
/* End PBXTargetDependency section */

/* Begin PBXVariantGroup section */
		CE0F680E297847A9007B007F /* Localizable.strings */ = {
			isa = PBXVariantGroup;
			children = (
				CE0F680D297847A9007B007F /* en */,
				CE0F680F297847AC007B007F /* ru */,
			);
			name = Localizable.strings;
			sourceTree = "<group>";
		};
		CE8D6E1726A3069900A25380 /* LaunchScreen.storyboard */ = {
			isa = PBXVariantGroup;
			children = (
				CE8D6E1826A3069900A25380 /* Base */,
				CE0F6807297846F9007B007F /* ru */,
			);
			name = LaunchScreen.storyboard;
			sourceTree = "<group>";
		};
/* End PBXVariantGroup section */

/* Begin XCBuildConfiguration section */
		CE0F683D2986CEE2007B007F /* Debug */ = {
			isa = XCBuildConfiguration;
			buildSettings = {
				BUNDLE_LOADER = "$(BUILT_PRODUCTS_DIR)/Navigation.app/$(BUNDLE_EXECUTABLE_FOLDER_PATH)/Navigation";
				CLANG_CXX_LANGUAGE_STANDARD = "gnu++20";
				CODE_SIGN_STYLE = Automatic;
				CURRENT_PROJECT_VERSION = 1;
				DEVELOPMENT_TEAM = TDYKKCNQAF;
				GENERATE_INFOPLIST_FILE = YES;
				HEADER_SEARCH_PATHS = "$(SRCROOT)/Pods/Firebase/Core/Sources";
				IPHONEOS_DEPLOYMENT_TARGET = 16.0;
				MARKETING_VERSION = 1.0;
				PRODUCT_BUNDLE_IDENTIFIER = com.SimonApps.NavigationTests;
				PRODUCT_NAME = "$(TARGET_NAME)";
				SWIFT_EMIT_LOC_STRINGS = NO;
				SWIFT_VERSION = 5.0;
				TARGETED_DEVICE_FAMILY = "1,2";
				TEST_HOST = "$(BUILT_PRODUCTS_DIR)/Navigation.app/Navigation";
			};
			name = Debug;
		};
		CE0F683E2986CEE2007B007F /* Release */ = {
			isa = XCBuildConfiguration;
			buildSettings = {
				BUNDLE_LOADER = "$(BUILT_PRODUCTS_DIR)/Navigation.app/$(BUNDLE_EXECUTABLE_FOLDER_PATH)/Navigation";
				CLANG_CXX_LANGUAGE_STANDARD = "gnu++20";
				CODE_SIGN_STYLE = Automatic;
				CURRENT_PROJECT_VERSION = 1;
				DEVELOPMENT_TEAM = TDYKKCNQAF;
				GENERATE_INFOPLIST_FILE = YES;
				HEADER_SEARCH_PATHS = "$(SRCROOT)/Pods/Firebase/Core/Sources";
				IPHONEOS_DEPLOYMENT_TARGET = 16.0;
				MARKETING_VERSION = 1.0;
				PRODUCT_BUNDLE_IDENTIFIER = com.SimonApps.NavigationTests;
				PRODUCT_NAME = "$(TARGET_NAME)";
				SWIFT_EMIT_LOC_STRINGS = NO;
				SWIFT_VERSION = 5.0;
				TARGETED_DEVICE_FAMILY = "1,2";
				TEST_HOST = "$(BUILT_PRODUCTS_DIR)/Navigation.app/Navigation";
			};
			name = Release;
		};
		CE8D6E1B26A3069900A25380 /* Debug */ = {
			isa = XCBuildConfiguration;
			buildSettings = {
				ALWAYS_SEARCH_USER_PATHS = NO;
				CLANG_ANALYZER_LOCALIZABILITY_NONLOCALIZED = YES;
				CLANG_ANALYZER_NONNULL = YES;
				CLANG_ANALYZER_NUMBER_OBJECT_CONVERSION = YES_AGGRESSIVE;
				CLANG_CXX_LANGUAGE_STANDARD = "gnu++14";
				CLANG_CXX_LIBRARY = "libc++";
				CLANG_ENABLE_MODULES = YES;
				CLANG_ENABLE_OBJC_ARC = YES;
				CLANG_ENABLE_OBJC_WEAK = YES;
				CLANG_WARN_BLOCK_CAPTURE_AUTORELEASING = YES;
				CLANG_WARN_BOOL_CONVERSION = YES;
				CLANG_WARN_COMMA = YES;
				CLANG_WARN_CONSTANT_CONVERSION = YES;
				CLANG_WARN_DEPRECATED_OBJC_IMPLEMENTATIONS = YES;
				CLANG_WARN_DIRECT_OBJC_ISA_USAGE = YES_ERROR;
				CLANG_WARN_DOCUMENTATION_COMMENTS = YES;
				CLANG_WARN_EMPTY_BODY = YES;
				CLANG_WARN_ENUM_CONVERSION = YES;
				CLANG_WARN_INFINITE_RECURSION = YES;
				CLANG_WARN_INT_CONVERSION = YES;
				CLANG_WARN_NON_LITERAL_NULL_CONVERSION = YES;
				CLANG_WARN_OBJC_IMPLICIT_RETAIN_SELF = YES;
				CLANG_WARN_OBJC_LITERAL_CONVERSION = YES;
				CLANG_WARN_OBJC_ROOT_CLASS = YES_ERROR;
				CLANG_WARN_QUOTED_INCLUDE_IN_FRAMEWORK_HEADER = YES;
				CLANG_WARN_RANGE_LOOP_ANALYSIS = YES;
				CLANG_WARN_STRICT_PROTOTYPES = YES;
				CLANG_WARN_SUSPICIOUS_MOVE = YES;
				CLANG_WARN_UNGUARDED_AVAILABILITY = YES_AGGRESSIVE;
				CLANG_WARN_UNREACHABLE_CODE = YES;
				CLANG_WARN__DUPLICATE_METHOD_MATCH = YES;
				COPY_PHASE_STRIP = NO;
				DEBUG_INFORMATION_FORMAT = dwarf;
				ENABLE_STRICT_OBJC_MSGSEND = YES;
				ENABLE_TESTABILITY = YES;
				GCC_C_LANGUAGE_STANDARD = gnu11;
				GCC_DYNAMIC_NO_PIC = NO;
				GCC_NO_COMMON_BLOCKS = YES;
				GCC_OPTIMIZATION_LEVEL = 0;
				GCC_PREPROCESSOR_DEFINITIONS = (
					"DEBUG=1",
					"$(inherited)",
				);
				GCC_WARN_64_TO_32_BIT_CONVERSION = YES;
				GCC_WARN_ABOUT_RETURN_TYPE = YES_ERROR;
				GCC_WARN_UNDECLARED_SELECTOR = YES;
				GCC_WARN_UNINITIALIZED_AUTOS = YES_AGGRESSIVE;
				GCC_WARN_UNUSED_FUNCTION = YES;
				GCC_WARN_UNUSED_VARIABLE = YES;
				IPHONEOS_DEPLOYMENT_TARGET = 14.4;
				MTL_ENABLE_DEBUG_INFO = INCLUDE_SOURCE;
				MTL_FAST_MATH = YES;
				ONLY_ACTIVE_ARCH = YES;
				SDKROOT = iphoneos;
				SWIFT_ACTIVE_COMPILATION_CONDITIONS = DEBUG;
				SWIFT_OPTIMIZATION_LEVEL = "-Onone";
			};
			name = Debug;
		};
		CE8D6E1C26A3069900A25380 /* Release */ = {
			isa = XCBuildConfiguration;
			buildSettings = {
				ALWAYS_SEARCH_USER_PATHS = NO;
				CLANG_ANALYZER_LOCALIZABILITY_NONLOCALIZED = YES;
				CLANG_ANALYZER_NONNULL = YES;
				CLANG_ANALYZER_NUMBER_OBJECT_CONVERSION = YES_AGGRESSIVE;
				CLANG_CXX_LANGUAGE_STANDARD = "gnu++14";
				CLANG_CXX_LIBRARY = "libc++";
				CLANG_ENABLE_MODULES = YES;
				CLANG_ENABLE_OBJC_ARC = YES;
				CLANG_ENABLE_OBJC_WEAK = YES;
				CLANG_WARN_BLOCK_CAPTURE_AUTORELEASING = YES;
				CLANG_WARN_BOOL_CONVERSION = YES;
				CLANG_WARN_COMMA = YES;
				CLANG_WARN_CONSTANT_CONVERSION = YES;
				CLANG_WARN_DEPRECATED_OBJC_IMPLEMENTATIONS = YES;
				CLANG_WARN_DIRECT_OBJC_ISA_USAGE = YES_ERROR;
				CLANG_WARN_DOCUMENTATION_COMMENTS = YES;
				CLANG_WARN_EMPTY_BODY = YES;
				CLANG_WARN_ENUM_CONVERSION = YES;
				CLANG_WARN_INFINITE_RECURSION = YES;
				CLANG_WARN_INT_CONVERSION = YES;
				CLANG_WARN_NON_LITERAL_NULL_CONVERSION = YES;
				CLANG_WARN_OBJC_IMPLICIT_RETAIN_SELF = YES;
				CLANG_WARN_OBJC_LITERAL_CONVERSION = YES;
				CLANG_WARN_OBJC_ROOT_CLASS = YES_ERROR;
				CLANG_WARN_QUOTED_INCLUDE_IN_FRAMEWORK_HEADER = YES;
				CLANG_WARN_RANGE_LOOP_ANALYSIS = YES;
				CLANG_WARN_STRICT_PROTOTYPES = YES;
				CLANG_WARN_SUSPICIOUS_MOVE = YES;
				CLANG_WARN_UNGUARDED_AVAILABILITY = YES_AGGRESSIVE;
				CLANG_WARN_UNREACHABLE_CODE = YES;
				CLANG_WARN__DUPLICATE_METHOD_MATCH = YES;
				COPY_PHASE_STRIP = NO;
				DEBUG_INFORMATION_FORMAT = "dwarf-with-dsym";
				ENABLE_NS_ASSERTIONS = NO;
				ENABLE_STRICT_OBJC_MSGSEND = YES;
				GCC_C_LANGUAGE_STANDARD = gnu11;
				GCC_NO_COMMON_BLOCKS = YES;
				GCC_WARN_64_TO_32_BIT_CONVERSION = YES;
				GCC_WARN_ABOUT_RETURN_TYPE = YES_ERROR;
				GCC_WARN_UNDECLARED_SELECTOR = YES;
				GCC_WARN_UNINITIALIZED_AUTOS = YES_AGGRESSIVE;
				GCC_WARN_UNUSED_FUNCTION = YES;
				GCC_WARN_UNUSED_VARIABLE = YES;
				IPHONEOS_DEPLOYMENT_TARGET = 14.4;
				MTL_ENABLE_DEBUG_INFO = NO;
				MTL_FAST_MATH = YES;
				SDKROOT = iphoneos;
				SWIFT_COMPILATION_MODE = wholemodule;
				SWIFT_OPTIMIZATION_LEVEL = "-O";
				VALIDATE_PRODUCT = YES;
			};
			name = Release;
		};
		CE8D6E1E26A3069900A25380 /* Debug */ = {
			isa = XCBuildConfiguration;
			baseConfigurationReference = CB30E68A9929814EB6AC6766 /* Pods-Navigation.debug.xcconfig */;
			buildSettings = {
				ASSETCATALOG_COMPILER_APPICON_NAME = AppIcon;
				ASSETCATALOG_COMPILER_GLOBAL_ACCENT_COLOR_NAME = AccentColor;
				CODE_SIGN_STYLE = Automatic;
				DEVELOPMENT_TEAM = TDYKKCNQAF;
				INFOPLIST_FILE = Navigation/Info.plist;
				LD_RUNPATH_SEARCH_PATHS = (
					"$(inherited)",
					"@executable_path/Frameworks",
				);
				PRODUCT_BUNDLE_IDENTIFIER = sp.Navigation;
				PRODUCT_NAME = "$(TARGET_NAME)";
				SWIFT_VERSION = 5.0;
				TARGETED_DEVICE_FAMILY = "1,2";
			};
			name = Debug;
		};
		CE8D6E1F26A3069900A25380 /* Release */ = {
			isa = XCBuildConfiguration;
			baseConfigurationReference = 6900C6EB2B998FCB30BAA729 /* Pods-Navigation.release.xcconfig */;
			buildSettings = {
				ASSETCATALOG_COMPILER_APPICON_NAME = AppIcon;
				ASSETCATALOG_COMPILER_GLOBAL_ACCENT_COLOR_NAME = AccentColor;
				CODE_SIGN_STYLE = Automatic;
				DEVELOPMENT_TEAM = TDYKKCNQAF;
				INFOPLIST_FILE = Navigation/Info.plist;
				LD_RUNPATH_SEARCH_PATHS = (
					"$(inherited)",
					"@executable_path/Frameworks",
				);
				PRODUCT_BUNDLE_IDENTIFIER = sp.Navigation;
				PRODUCT_NAME = "$(TARGET_NAME)";
				SWIFT_VERSION = 5.0;
				TARGETED_DEVICE_FAMILY = "1,2";
			};
			name = Release;
		};
/* End XCBuildConfiguration section */

/* Begin XCConfigurationList section */
		CE0F683C2986CEE2007B007F /* Build configuration list for PBXNativeTarget "NavigationTests" */ = {
			isa = XCConfigurationList;
			buildConfigurations = (
				CE0F683D2986CEE2007B007F /* Debug */,
				CE0F683E2986CEE2007B007F /* Release */,
			);
			defaultConfigurationIsVisible = 0;
			defaultConfigurationName = Release;
		};
		CE8D6E0426A3069000A25380 /* Build configuration list for PBXProject "Navigation" */ = {
			isa = XCConfigurationList;
			buildConfigurations = (
				CE8D6E1B26A3069900A25380 /* Debug */,
				CE8D6E1C26A3069900A25380 /* Release */,
			);
			defaultConfigurationIsVisible = 0;
			defaultConfigurationName = Release;
		};
		CE8D6E1D26A3069900A25380 /* Build configuration list for PBXNativeTarget "Navigation" */ = {
			isa = XCConfigurationList;
			buildConfigurations = (
				CE8D6E1E26A3069900A25380 /* Debug */,
				CE8D6E1F26A3069900A25380 /* Release */,
			);
			defaultConfigurationIsVisible = 0;
			defaultConfigurationName = Release;
		};
/* End XCConfigurationList section */

/* Begin XCRemoteSwiftPackageReference section */
		CE7D6EF22986DD6E00406CD6 /* XCRemoteSwiftPackageReference "SnapKit" */ = {
			isa = XCRemoteSwiftPackageReference;
			repositoryURL = "https://github.com/SnapKit/SnapKit.git";
			requirement = {
				branch = develop;
				kind = branch;
			};
		};
		CEBE015927496A74009CFB06 /* XCRemoteSwiftPackageReference "iOSIntPackage" */ = {
			isa = XCRemoteSwiftPackageReference;
			repositoryURL = "https://github.com/TrueMax/iOSIntPackage";
			requirement = {
				kind = upToNextMajorVersion;
				minimumVersion = 3.0.0;
			};
		};
/* End XCRemoteSwiftPackageReference section */

/* Begin XCSwiftPackageProductDependency section */
		CE7D6EF32986DD6E00406CD6 /* SnapKit */ = {
			isa = XCSwiftPackageProductDependency;
			package = CE7D6EF22986DD6E00406CD6 /* XCRemoteSwiftPackageReference "SnapKit" */;
			productName = SnapKit;
		};
		CEBE015A27496A74009CFB06 /* iOSIntPackage */ = {
			isa = XCSwiftPackageProductDependency;
			package = CEBE015927496A74009CFB06 /* XCRemoteSwiftPackageReference "iOSIntPackage" */;
			productName = iOSIntPackage;
		};
/* End XCSwiftPackageProductDependency section */

/* Begin XCVersionGroup section */
		CE1687B22926ABD20088F724 /* Navigation.xcdatamodeld */ = {
			isa = XCVersionGroup;
			children = (
				CE1687B32926ABD30088F724 /* Navigation.xcdatamodel */,
			);
			currentVersion = CE1687B32926ABD30088F724 /* Navigation.xcdatamodel */;
			path = Navigation.xcdatamodeld;
			sourceTree = "<group>";
			versionGroupType = wrapper.xcdatamodel;
		};
/* End XCVersionGroup section */
	};
	rootObject = CE8D6E0126A3069000A25380 /* Project object */;
}
